
Microsoft Visual Studio Solution File, Format Version 12.00
# Visual Studio 2013
VisualStudioVersion = 12.0.31101.0
MinimumVisualStudioVersion = 10.0.40219.1
Project("{F184B08F-C81C-45F6-A57F-5ABD9991F28F}") = "Launcher", "Launcher\Launcher.vbproj", "{7647631A-C900-4106-B132-189D087A166D}"
EndProject
Project("{FAE04EC0-301F-11D3-BF4B-00C04F79EFBC}") = "HelperLibrary", "ReparsePointLibrary\HelperLibrary.csproj", "{E84D866B-4176-4444-A2AB-CE820001AE4A}"
EndProject
Global
	GlobalSection(SolutionConfigurationPlatforms) = preSolution
		Debug|Any CPU = Debug|Any CPU
		Release|Any CPU = Release|Any CPU
	EndGlobalSection
	GlobalSection(ProjectConfigurationPlatforms) = postSolution
		{7647631A-C900-4106-B132-189D087A166D}.Debug|Any CPU.ActiveCfg = Debug|Any CPU
		{7647631A-C900-4106-B132-189D087A166D}.Debug|Any CPU.Build.0 = Debug|Any CPU
		{7647631A-C900-4106-B132-189D087A166D}.Release|Any CPU.ActiveCfg = Release|Any CPU
		{7647631A-C900-4106-B132-189D087A166D}.Release|Any CPU.Build.0 = Release|Any CPU
		{E84D866B-4176-4444-A2AB-CE820001AE4A}.Debug|Any CPU.ActiveCfg = Debug|Any CPU
		{E84D866B-4176-4444-A2AB-CE820001AE4A}.Debug|Any CPU.Build.0 = Debug|Any CPU
		{E84D866B-4176-4444-A2AB-CE820001AE4A}.Release|Any CPU.ActiveCfg = Release|Any CPU
		{E84D866B-4176-4444-A2AB-CE820001AE4A}.Release|Any CPU.Build.0 = Release|Any CPU
	EndGlobalSection
	GlobalSection(SolutionProperties) = preSolution
		HideSolutionNode = FALSE
	EndGlobalSection
EndGlobal
